// !$*UTF8*$!
{
	archiveVersion = 1;
	classes = {
	};
	objectVersion = 46;
	objects = {

/* Begin PBXBuildFile section */
		822A415B19C7CF0D00C6D7CD /* AppDelegate.swift in Sources */ = {isa = PBXBuildFile; fileRef = 822A415A19C7CF0D00C6D7CD /* AppDelegate.swift */; };
		822A415D19C7CF0D00C6D7CD /* ViewController.swift in Sources */ = {isa = PBXBuildFile; fileRef = 822A415C19C7CF0D00C6D7CD /* ViewController.swift */; };
		822A416019C7CF0D00C6D7CD /* Main.storyboard in Resources */ = {isa = PBXBuildFile; fileRef = 822A415E19C7CF0D00C6D7CD /* Main.storyboard */; };
		822A416219C7CF0D00C6D7CD /* Images.xcassets in Resources */ = {isa = PBXBuildFile; fileRef = 822A416119C7CF0D00C6D7CD /* Images.xcassets */; };
		822A416519C7CF0D00C6D7CD /* LaunchScreen.xib in Resources */ = {isa = PBXBuildFile; fileRef = 822A416319C7CF0D00C6D7CD /* LaunchScreen.xib */; };
		822A417119C7CF0E00C6D7CD /* PostcardNuevoTests.swift in Sources */ = {isa = PBXBuildFile; fileRef = 822A417019C7CF0E00C6D7CD /* PostcardNuevoTests.swift */; };
		822A417C19C7CF6E00C6D7CD /* AlbertEinsteinStamp.jpg in Resources */ = {isa = PBXBuildFile; fileRef = 822A417A19C7CF6E00C6D7CD /* AlbertEinsteinStamp.jpg */; };
		822A417D19C7CF6E00C6D7CD /* SagradaFamilia.jpeg in Resources */ = {isa = PBXBuildFile; fileRef = 822A417B19C7CF6E00C6D7CD /* SagradaFamilia.jpeg */; };
/* End PBXBuildFile section */

/* Begin PBXContainerItemProxy section */
		822A416B19C7CF0E00C6D7CD /* PBXContainerItemProxy */ = {
			isa = PBXContainerItemProxy;
			containerPortal = 822A414D19C7CF0D00C6D7CD /* Project object */;
			proxyType = 1;
			remoteGlobalIDString = 822A415419C7CF0D00C6D7CD;
			remoteInfo = PostcardNuevo;
		};
/* End PBXContainerItemProxy section */

/* Begin PBXFileReference section */
		822A415519C7CF0D00C6D7CD /* PostcardNuevo.app */ = {isa = PBXFileReference; explicitFileType = wrapper.application; includeInIndex = 0; path = PostcardNuevo.app; sourceTree = BUILT_PRODUCTS_DIR; };
		822A415919C7CF0D00C6D7CD /* Info.plist */ = {isa = PBXFileReference; lastKnownFileType = text.plist.xml; path = Info.plist; sourceTree = "<group>"; };
		822A415A19C7CF0D00C6D7CD /* AppDelegate.swift */ = {isa = PBXFileReference; lastKnownFileType = sourcecode.swift; path = AppDelegate.swift; sourceTree = "<group>"; };
		822A415C19C7CF0D00C6D7CD /* ViewController.swift */ = {isa = PBXFileReference; lastKnownFileType = sourcecode.swift; path = ViewController.swift; sourceTree = "<group>"; };
		822A415F19C7CF0D00C6D7CD /* Base */ = {isa = PBXFileReference; lastKnownFileType = file.storyboard; name = Base; path = Base.lproj/Main.storyboard; sourceTree = "<group>"; };
		822A416119C7CF0D00C6D7CD /* Images.xcassets */ = {isa = PBXFileReference; lastKnownFileType = folder.assetcatalog; path = Images.xcassets; sourceTree = "<group>"; };
		822A416419C7CF0D00C6D7CD /* Base */ = {isa = PBXFileReference; lastKnownFileType = file.xib; name = Base; path = Base.lproj/LaunchScreen.xib; sourceTree = "<group>"; };
		822A416A19C7CF0D00C6D7CD /* PostcardNuevoTests.xctest */ = {isa = PBXFileReference; explicitFileType = wrapper.cfbundle; includeInIndex = 0; path = PostcardNuevoTests.xctest; sourceTree = BUILT_PRODUCTS_DIR; };
		822A416F19C7CF0E00C6D7CD /* Info.plist */ = {isa = PBXFileReference; lastKnownFileType = text.plist.xml; path = Info.plist; sourceTree = "<group>"; };
		822A417019C7CF0E00C6D7CD /* PostcardNuevoTests.swift */ = {isa = PBXFileReference; lastKnownFileType = sourcecode.swift; path = PostcardNuevoTests.swift; sourceTree = "<group>"; };
		822A417A19C7CF6E00C6D7CD /* AlbertEinsteinStamp.jpg */ = {isa = PBXFileReference; lastKnownFileType = image.jpeg; path = AlbertEinsteinStamp.jpg; sourceTree = "<group>"; };
		822A417B19C7CF6E00C6D7CD /* SagradaFamilia.jpeg */ = {isa = PBXFileReference; lastKnownFileType = image.jpeg; path = SagradaFamilia.jpeg; sourceTree = "<group>"; };
/* End PBXFileReference section */

/* Begin PBXFrameworksBuildPhase section */
		822A415219C7CF0D00C6D7CD /* Frameworks */ = {
			isa = PBXFrameworksBuildPhase;
			buildActionMask = 2147483647;
			files = (
			);
			runOnlyForDeploymentPostprocessing = 0;
		};
		822A416719C7CF0D00C6D7CD /* Frameworks */ = {
			isa = PBXFrameworksBuildPhase;
			buildActionMask = 2147483647;
			files = (
			);
			runOnlyForDeploymentPostprocessing = 0;
		};
/* End PBXFrameworksBuildPhase section */

/* Begin PBXGroup section */
		822A414C19C7CF0D00C6D7CD = {
			isa = PBXGroup;
			children = (
				822A415719C7CF0D00C6D7CD /* PostcardNuevo */,
				822A416D19C7CF0E00C6D7CD /* PostcardNuevoTests */,
				822A415619C7CF0D00C6D7CD /* Products */,
			);
			sourceTree = "<group>";
		};
		822A415619C7CF0D00C6D7CD /* Products */ = {
			isa = PBXGroup;
			children = (
				822A415519C7CF0D00C6D7CD /* PostcardNuevo.app */,
				822A416A19C7CF0D00C6D7CD /* PostcardNuevoTests.xctest */,
			);
			name = Products;
			sourceTree = "<group>";
		};
		822A415719C7CF0D00C6D7CD /* PostcardNuevo */ = {
			isa = PBXGroup;
			children = (
				822A415A19C7CF0D00C6D7CD /* AppDelegate.swift */,
				822A415C19C7CF0D00C6D7CD /* ViewController.swift */,
				822A415E19C7CF0D00C6D7CD /* Main.storyboard */,
				822A416119C7CF0D00C6D7CD /* Images.xcassets */,
				822A416319C7CF0D00C6D7CD /* LaunchScreen.xib */,
				822A415819C7CF0D00C6D7CD /* Supporting Files */,
			);
			path = PostcardNuevo;
			sourceTree = "<group>";
		};
		822A415819C7CF0D00C6D7CD /* Supporting Files */ = {
			isa = PBXGroup;
			children = (
				822A417A19C7CF6E00C6D7CD /* AlbertEinsteinStamp.jpg */,
				822A417B19C7CF6E00C6D7CD /* SagradaFamilia.jpeg */,
				822A415919C7CF0D00C6D7CD /* Info.plist */,
			);
			name = "Supporting Files";
			sourceTree = "<group>";
		};
		822A416D19C7CF0E00C6D7CD /* PostcardNuevoTests */ = {
			isa = PBXGroup;
			children = (
				822A417019C7CF0E00C6D7CD /* PostcardNuevoTests.swift */,
				822A416E19C7CF0E00C6D7CD /* Supporting Files */,
			);
			path = PostcardNuevoTests;
			sourceTree = "<group>";
		};
		822A416E19C7CF0E00C6D7CD /* Supporting Files */ = {
			isa = PBXGroup;
			children = (
				822A416F19C7CF0E00C6D7CD /* Info.plist */,
			);
			name = "Supporting Files";
			sourceTree = "<group>";
		};
/* End PBXGroup section */

/* Begin PBXNativeTarget section */
		822A415419C7CF0D00C6D7CD /* PostcardNuevo */ = {
			isa = PBXNativeTarget;
			buildConfigurationList = 822A417419C7CF0E00C6D7CD /* Build configuration list for PBXNativeTarget "PostcardNuevo" */;
			buildPhases = (
				822A415119C7CF0D00C6D7CD /* Sources */,
				822A415219C7CF0D00C6D7CD /* Frameworks */,
				822A415319C7CF0D00C6D7CD /* Resources */,
			);
			buildRules = (
			);
			dependencies = (
			);
			name = PostcardNuevo;
			productName = PostcardNuevo;
			productReference = 822A415519C7CF0D00C6D7CD /* PostcardNuevo.app */;
			productType = "com.apple.product-type.application";
		};
		822A416919C7CF0D00C6D7CD /* PostcardNuevoTests */ = {
			isa = PBXNativeTarget;
			buildConfigurationList = 822A417719C7CF0E00C6D7CD /* Build configuration list for PBXNativeTarget "PostcardNuevoTests" */;
			buildPhases = (
				822A416619C7CF0D00C6D7CD /* Sources */,
				822A416719C7CF0D00C6D7CD /* Frameworks */,
				822A416819C7CF0D00C6D7CD /* Resources */,
			);
			buildRules = (
			);
			dependencies = (
				822A416C19C7CF0E00C6D7CD /* PBXTargetDependency */,
			);
			name = PostcardNuevoTests;
			productName = PostcardNuevoTests;
			productReference = 822A416A19C7CF0D00C6D7CD /* PostcardNuevoTests.xctest */;
			productType = "com.apple.product-type.bundle.unit-test";
		};
/* End PBXNativeTarget section */

/* Begin PBXProject section */
		822A414D19C7CF0D00C6D7CD /* Project object */ = {
			isa = PBXProject;
			attributes = {
				LastUpgradeCheck = 0600;
				ORGANIZATIONNAME = "Jose Alberto Muller";
				TargetAttributes = {
					822A415419C7CF0D00C6D7CD = {
						CreatedOnToolsVersion = 6.1;
					};
					822A416919C7CF0D00C6D7CD = {
						CreatedOnToolsVersion = 6.1;
						TestTargetID = 822A415419C7CF0D00C6D7CD;
					};
				};
			};
			buildConfigurationList = 822A415019C7CF0D00C6D7CD /* Build configuration list for PBXProject "PostcardNuevo" */;
			compatibilityVersion = "Xcode 3.2";
			developmentRegion = English;
			hasScannedForEncodings = 0;
			knownRegions = (
				en,
				Base,
			);
			mainGroup = 822A414C19C7CF0D00C6D7CD;
			productRefGroup = 822A415619C7CF0D00C6D7CD /* Products */;
			projectDirPath = "";
			projectRoot = "";
			targets = (
				822A415419C7CF0D00C6D7CD /* PostcardNuevo */,
				822A416919C7CF0D00C6D7CD /* PostcardNuevoTests */,
			);
		};
/* End PBXProject section */

/* Begin PBXResourcesBuildPhase section */
		822A415319C7CF0D00C6D7CD /* Resources */ = {
			isa = PBXResourcesBuildPhase;
			buildActionMask = 2147483647;
			files = (
				822A417C19C7CF6E00C6D7CD /* AlbertEinsteinStamp.jpg in Resources */,
				822A416019C7CF0D00C6D7CD /* Main.storyboard in Resources */,
				822A416519C7CF0D00C6D7CD /* LaunchScreen.xib in Resources */,
				822A416219C7CF0D00C6D7CD /* Images.xcassets in Resources */,
				822A417D19C7CF6E00C6D7CD /* SagradaFamilia.jpeg in Resources */,
			);
			runOnlyForDeploymentPostprocessing = 0;
		};
		822A416819C7CF0D00C6D7CD /* Resources */ = {
			isa = PBXResourcesBuildPhase;
			buildActionMask = 2147483647;
			files = (
			);
			runOnlyForDeploymentPostprocessing = 0;
		};
/* End PBXResourcesBuildPhase section */

/* Begin PBXSourcesBuildPhase section */
		822A415119C7CF0D00C6D7CD /* Sources */ = {
			isa = PBXSourcesBuildPhase;
			buildActionMask = 2147483647;
			files = (
				822A415D19C7CF0D00C6D7CD /* ViewController.swift in Sources */,
				822A415B19C7CF0D00C6D7CD /* AppDelegate.swift in Sources */,
			);
			runOnlyForDeploymentPostprocessing = 0;
		};
		822A416619C7CF0D00C6D7CD /* Sources */ = {
			isa = PBXSourcesBuildPhase;
			buildActionMask = 2147483647;
			files = (
				822A417119C7CF0E00C6D7CD /* PostcardNuevoTests.swift in Sources */,
			);
			runOnlyForDeploymentPostprocessing = 0;
		};
/* End PBXSourcesBuildPhase section */

/* Begin PBXTargetDependency section */
		822A416C19C7CF0E00C6D7CD /* PBXTargetDependency */ = {
			isa = PBXTargetDependency;
			target = 822A415419C7CF0D00C6D7CD /* PostcardNuevo */;
			targetProxy = 822A416B19C7CF0E00C6D7CD /* PBXContainerItemProxy */;
		};
/* End PBXTargetDependency section */

/* Begin PBXVariantGroup section */
		822A415E19C7CF0D00C6D7CD /* Main.storyboard */ = {
			isa = PBXVariantGroup;
			children = (
				822A415F19C7CF0D00C6D7CD /* Base */,
			);
			name = Main.storyboard;
			sourceTree = "<group>";
		};
		822A416319C7CF0D00C6D7CD /* LaunchScreen.xib */ = {
			isa = PBXVariantGroup;
			children = (
				822A416419C7CF0D00C6D7CD /* Base */,
			);
			name = LaunchScreen.xib;
			sourceTree = "<group>";
		};
/* End PBXVariantGroup section */

/* Begin XCBuildConfiguration section */
		822A417219C7CF0E00C6D7CD /* Debug */ = {
			isa = XCBuildConfiguration;
			buildSettings = {
				ALWAYS_SEARCH_USER_PATHS = NO;
				CLANG_CXX_LANGUAGE_STANDARD = "gnu++0x";
				CLANG_CXX_LIBRARY = "libc++";
				CLANG_ENABLE_MODULES = YES;
				CLANG_ENABLE_OBJC_ARC = YES;
				CLANG_WARN_BOOL_CONVERSION = YES;
				CLANG_WARN_CONSTANT_CONVERSION = YES;
				CLANG_WARN_DIRECT_OBJC_ISA_USAGE = YES_ERROR;
				CLANG_WARN_EMPTY_BODY = YES;
				CLANG_WARN_ENUM_CONVERSION = YES;
				CLANG_WARN_INT_CONVERSION = YES;
				CLANG_WARN_OBJC_ROOT_CLASS = YES_ERROR;
				CLANG_WARN_UNREACHABLE_CODE = YES;
				CLANG_WARN__DUPLICATE_METHOD_MATCH = YES;
				"CODE_SIGN_IDENTITY[sdk=iphoneos*]" = "iPhone Developer";
				COPY_PHASE_STRIP = NO;
				ENABLE_STRICT_OBJC_MSGSEND = YES;
				GCC_C_LANGUAGE_STANDARD = gnu99;
				GCC_DYNAMIC_NO_PIC = NO;
				GCC_OPTIMIZATION_LEVEL = 0;
				GCC_PREPROCESSOR_DEFINITIONS = (
					"DEBUG=1",
					"$(inherited)",
				);
				GCC_SYMBOLS_PRIVATE_EXTERN = NO;
				GCC_WARN_64_TO_32_BIT_CONVERSION = YES;
				GCC_WARN_ABOUT_RETURN_TYPE = YES_ERROR;
				GCC_WARN_UNDECLARED_SELECTOR = YES;
				GCC_WARN_UNINITIALIZED_AUTOS = YES_AGGRESSIVE;
				GCC_WARN_UNUSED_FUNCTION = YES;
				GCC_WARN_UNUSED_VARIABLE = YES;
				IPHONEOS_DEPLOYMENT_TARGET = 8.0;
				MTL_ENABLE_DEBUG_INFO = YES;
				ONLY_ACTIVE_ARCH = YES;
				SDKROOT = iphoneos;
				SWIFT_OPTIMIZATION_LEVEL = "-Onone";
			};
			name = Debug;
		};
		822A417319C7CF0E00C6D7CD /* Release */ = {
			isa = XCBuildConfiguration;
			buildSettings = {
				ALWAYS_SEARCH_USER_PATHS = NO;
				CLANG_CXX_LANGUAGE_STANDARD = "gnu++0x";
				CLANG_CXX_LIBRARY = "libc++";
				CLANG_ENABLE_MODULES = YES;
				CLANG_ENABLE_OBJC_ARC = YES;
				CLANG_WARN_BOOL_CONVERSION = YES;
				CLANG_WARN_CONSTANT_CONVERSION = YES;
				CLANG_WARN_DIRECT_OBJC_ISA_USAGE = YES_ERROR;
				CLANG_WARN_EMPTY_BODY = YES;
				CLANG_WARN_ENUM_CONVERSION = YES;
				CLANG_WARN_INT_CONVERSION = YES;
				CLANG_WARN_OBJC_ROOT_CLASS = YES_ERROR;
				CLANG_WARN_UNREACHABLE_CODE = YES;
				CLANG_WARN__DUPLICATE_METHOD_MATCH = YES;
				"CODE_SIGN_IDENTITY[sdk=iphoneos*]" = "iPhone Developer";
				COPY_PHASE_STRIP = YES;
				ENABLE_NS_ASSERTIONS = NO;
				ENABLE_STRICT_OBJC_MSGSEND = YES;
				GCC_C_LANGUAGE_STANDARD = gnu99;
				GCC_WARN_64_TO_32_BIT_CONVERSION = YES;
				GCC_WARN_ABOUT_RETURN_TYPE = YES_ERROR;
				GCC_WARN_UNDECLARED_SELECTOR = YES;
				GCC_WARN_UNINITIALIZED_AUTOS = YES_AGGRESSIVE;
				GCC_WARN_UNUSED_FUNCTION = YES;
				GCC_WARN_UNUSED_VARIABLE = YES;
				IPHONEOS_DEPLOYMENT_TARGET = 8.0;
				MTL_ENABLE_DEBUG_INFO = NO;
				SDKROOT = iphoneos;
				VALIDATE_PRODUCT = YES;
			};
			name = Release;
		};
		822A417519C7CF0E00C6D7CD /* Debug */ = {
			isa = XCBuildConfiguration;
			buildSettings = {
				ASSETCATALOG_COMPILER_APPICON_NAME = AppIcon;
				INFOPLIST_FILE = PostcardNuevo/Info.plist;
				LD_RUNPATH_SEARCH_PATHS = "$(inherited) @executable_path/Frameworks";
				PRODUCT_NAME = "$(TARGET_NAME)";
			};
			name = Debug;
		};
		822A417619C7CF0E00C6D7CD /* Release */ = {
			isa = XCBuildConfiguration;
			buildSettings = {
				ASSETCATALOG_COMPILER_APPICON_NAME = AppIcon;
				INFOPLIST_FILE = PostcardNuevo/Info.plist;
				LD_RUNPATH_SEARCH_PATHS = "$(inherited) @executable_path/Frameworks";
				PRODUCT_NAME = "$(TARGET_NAME)";
			};
			name = Release;
		};
		822A417819C7CF0E00C6D7CD /* Debug */ = {
			isa = XCBuildConfiguration;
			buildSettings = {
				BUNDLE_LOADER = "$(TEST_HOST)";
				FRAMEWORK_SEARCH_PATHS = (
					"$(SDKROOT)/Developer/Library/Frameworks",
					"$(inherited)",
				);
				GCC_PREPROCESSOR_DEFINITIONS = (
					"DEBUG=1",
					"$(inherited)",
				);
				INFOPLIST_FILE = PostcardNuevoTests/Info.plist;
				LD_RUNPATH_SEARCH_PATHS = "$(inherited) @executable_path/Frameworks @loader_path/Frameworks";
				PRODUCT_NAME = "$(TARGET_NAME)";
				TEST_HOST = "$(BUILT_PRODUCTS_DIR)/PostcardNuevo.app/PostcardNuevo";
			};
			name = Debug;
		};
		822A417919C7CF0E00C6D7CD /* Release */ = {
			isa = XCBuildConfiguration;
			buildSettings = {
				BUNDLE_LOADER = "$(TEST_HOST)";
				FRAMEWORK_SEARCH_PATHS = (
					"$(SDKROOT)/Developer/Library/Frameworks",
					"$(inherited)",
				);
				INFOPLIST_FILE = PostcardNuevoTests/Info.plist;
				LD_RUNPATH_SEARCH_PATHS = "$(inherited) @executable_path/Frameworks @loader_path/Frameworks";
				PRODUCT_NAME = "$(TARGET_NAME)";
				TEST_HOST = "$(BUILT_PRODUCTS_DIR)/PostcardNuevo.app/PostcardNuevo";
			};
			name = Release;
		};
/* End XCBuildConfiguration section */

/* Begin XCConfigurationList section */
		822A415019C7CF0D00C6D7CD /* Build configuration list for PBXProject "PostcardNuevo" */ = {
			isa = XCConfigurationList;
			buildConfigurations = (
				822A417219C7CF0E00C6D7CD /* Debug */,
				822A417319C7CF0E00C6D7CD /* Release */,
			);
			defaultConfigurationIsVisible = 0;
			defaultConfigurationName = Release;
		};
		822A417419C7CF0E00C6D7CD /* Build configuration list for PBXNativeTarget "PostcardNuevo" */ = {
			isa = XCConfigurationList;
			buildConfigurations = (
				822A417519C7CF0E00C6D7CD /* Debug */,
				822A417619C7CF0E00C6D7CD /* Release */,
			);
			defaultConfigurationIsVisible = 0;
		};
		822A417719C7CF0E00C6D7CD /* Build configuration list for PBXNativeTarget "PostcardNuevoTests" */ = {
			isa = XCConfigurationList;
			buildConfigurations = (
				822A417819C7CF0E00C6D7CD /* Debug */,
				822A417919C7CF0E00C6D7CD /* Release */,
			);
			defaultConfigurationIsVisible = 0;
		};
/* End XCConfigurationList section */
	};
	rootObject = 822A414D19C7CF0D00C6D7CD /* Project object */;
}
